# THIS IS AN AUTOGENERATED FILE. DO NOT EDIT THIS FILE DIRECTLY.
# yarn lockfile v1


lg-hash.js@^1.0.0:
  version "1.0.0"
  resolved "https://registry.yarnpkg.com/lg-hash.js/-/lg-hash.js-1.0.0.tgz#2dc56e1066c30211e37a4ec42e3293b2d99e7c62"
  integrity sha1-LcVuEGbDAhHjek7ELjKTstmefGI=

lightgallery.js@^1.1.3:
  version "1.1.3"
  resolved "https://registry.yarnpkg.com/lightgallery.js/-/lightgallery.js-1.1.3.tgz#05d47fa2e09546208a430b97fdf5d32f156515c5"
  integrity sha512-eo96ApfhSyb+Gv421ntAKxkw3CvJ9UBF9/XjiUfwz0rNWYszSsauG3se+FL606+wrMpsp/wFweqSMPTzoiLbnQ==

siema@^1.5.1:
  version "1.5.1"
  resolved "https://registry.yarnpkg.com/siema/-/siema-1.5.1.tgz#eff312b77e8340fa4d81d5d053ebbeb9113ff888"
  integrity sha1-7/MSt36DQPpNgdXQU+u+uRE/+Ig=
